
Microsoft Visual Studio Solution File, Format Version 12.00
# Visual Studio Version 16
VisualStudioVersion = 16.0.29926.136
MinimumVisualStudioVersion = 10.0.40219.1
Project("{FAE04EC0-301F-11D3-BF4B-00C04F79EFBC}") = "BL", "BL\BL.csproj", "{5E35FDE2-BA8C-4090-A183-6C8C2961D65B}"
EndProject
Project("{FAE04EC0-301F-11D3-BF4B-00C04F79EFBC}") = "UI", "Main\UI.csproj", "{4203C0CA-31F6-4B92-8291-1F6FB1B734B1}"
EndProject
Global
	GlobalSection(SolutionConfigurationPlatforms) = preSolution
		Debug|Any CPU = Debug|Any CPU
		Release|Any CPU = Release|Any CPU
	EndGlobalSection
	GlobalSection(ProjectConfigurationPlatforms) = postSolution
		{5E35FDE2-BA8C-4090-A183-6C8C2961D65B}.Debug|Any CPU.ActiveCfg = Debug|Any CPU
		{5E35FDE2-BA8C-4090-A183-6C8C2961D65B}.Debug|Any CPU.Build.0 = Debug|Any CPU
		{5E35FDE2-BA8C-4090-A183-6C8C2961D65B}.Release|Any CPU.ActiveCfg = Release|Any CPU
		{5E35FDE2-BA8C-4090-A183-6C8C2961D65B}.Release|Any CPU.Build.0 = Release|Any CPU
		{4203C0CA-31F6-4B92-8291-1F6FB1B734B1}.Debug|Any CPU.ActiveCfg = Debug|Any CPU
		{4203C0CA-31F6-4B92-8291-1F6FB1B734B1}.Debug|Any CPU.Build.0 = Debug|Any CPU
		{4203C0CA-31F6-4B92-8291-1F6FB1B734B1}.Release|Any CPU.ActiveCfg = Release|Any CPU
		{4203C0CA-31F6-4B92-8291-1F6FB1B734B1}.Release|Any CPU.Build.0 = Release|Any CPU
	EndGlobalSection
	GlobalSection(SolutionProperties) = preSolution
		HideSolutionNode = FALSE
	EndGlobalSection
	GlobalSection(ExtensibilityGlobals) = postSolution
		SolutionGuid = {AAAE935C-E72C-4E0E-AB99-C51ED3A6F8C3}
	EndGlobalSection
EndGlobal
